PODS:
  - FrameworkPod (0.1.0)
  - Kiwi (2.4.0)
  - PodAsset (1.0.0)
  - TestPod (0.1.0)

DEPENDENCIES:
  - FrameworkPod (from `../DevelopmentPods/FrameworkPod`)
  - Kiwi
  - PodAsset (from `../`)
  - TestPod (from `../DevelopmentPods/TestPod`)

EXTERNAL SOURCES:
  FrameworkPod:
    :path: ../DevelopmentPods/FrameworkPod
  PodAsset:
    :path: ../
  TestPod:
    :path: ../DevelopmentPods/TestPod

SPEC CHECKSUMS:
  FrameworkPod: e487d429b7581a724c2c2181bd10bda98c47cb34
  Kiwi: f49c9d54b28917df5928fe44968a39ed198cb8a8
  PodAsset: 2fd47adb9d8065e66f243927a00ee6c2924f0d01
  TestPod: 7743608c9793443d78032445ee8ae1b86df5088b

PODFILE CHECKSUM: 18f0cc67b47687e987bb83fd6611c9e99590b60f

COCOAPODS: 1.4.0
